
Microsoft Visual Studio Solution File, Format Version 12.00
# Visual Studio Version 16
VisualStudioVersion = 16.0.29609.76
MinimumVisualStudioVersion = 10.0.40219.1
Project("{FAE04EC0-301F-11D3-BF4B-00C04F79EFBC}") = "Programmation Evenementielle Quete 2", "Programmation Evenementielle Quete 2.csproj", "{510881DF-FF9B-4552-A473-3609E2A83C5E}"
EndProject
Global
	GlobalSection(SolutionConfigurationPlatforms) = preSolution
		Debug|Any CPU = Debug|Any CPU
		Release|Any CPU = Release|Any CPU
	EndGlobalSection
	GlobalSection(ProjectConfigurationPlatforms) = postSolution
		{510881DF-FF9B-4552-A473-3609E2A83C5E}.Debug|Any CPU.ActiveCfg = Debug|Any CPU
		{510881DF-FF9B-4552-A473-3609E2A83C5E}.Debug|Any CPU.Build.0 = Debug|Any CPU
		{510881DF-FF9B-4552-A473-3609E2A83C5E}.Release|Any CPU.ActiveCfg = Release|Any CPU
		{510881DF-FF9B-4552-A473-3609E2A83C5E}.Release|Any CPU.Build.0 = Release|Any CPU
	EndGlobalSection
	GlobalSection(SolutionProperties) = preSolution
		HideSolutionNode = FALSE
	EndGlobalSection
	GlobalSection(ExtensibilityGlobals) = postSolution
		SolutionGuid = {B3C64FFD-1072-4C7F-B4F0-31D86C283B91}
	EndGlobalSection
EndGlobal
